
Microsoft Visual Studio Solution File, Format Version 12.00
# Visual Studio Version 17
VisualStudioVersion = 17.5.33516.290
MinimumVisualStudioVersion = 10.0.40219.1
Project("{FAE04EC0-301F-11D3-BF4B-00C04F79EFBC}") = "TicketSystem_Concert", "TicketSystem_Concert\TicketSystem_Concert.csproj", "{46F1EB0A-1309-4F38-A24F-BF5A5F46E497}"
EndProject
Global
	GlobalSection(SolutionConfigurationPlatforms) = preSolution
		Debug|Any CPU = Debug|Any CPU
		Release|Any CPU = Release|Any CPU
	EndGlobalSection
	GlobalSection(ProjectConfigurationPlatforms) = postSolution
		{46F1EB0A-1309-4F38-A24F-BF5A5F46E497}.Debug|Any CPU.ActiveCfg = Debug|Any CPU
		{46F1EB0A-1309-4F38-A24F-BF5A5F46E497}.Debug|Any CPU.Build.0 = Debug|Any CPU
		{46F1EB0A-1309-4F38-A24F-BF5A5F46E497}.Release|Any CPU.ActiveCfg = Release|Any CPU
		{46F1EB0A-1309-4F38-A24F-BF5A5F46E497}.Release|Any CPU.Build.0 = Release|Any CPU
	EndGlobalSection
	GlobalSection(SolutionProperties) = preSolution
		HideSolutionNode = FALSE
	EndGlobalSection
	GlobalSection(ExtensibilityGlobals) = postSolution
		SolutionGuid = {A898F730-1202-4130-B701-42C17C02AFD9}
	EndGlobalSection
EndGlobal
